// !$*UTF8*$!
{
	archiveVersion = 1;
	classes = {
	};
	objectVersion = 50;
	objects = {

/* Begin PBXBuildFile section */
		F6723BBF2622C1FA00CF5974 /* AppDelegate.swift in Sources */ = {isa = PBXBuildFile; fileRef = F6723BBE2622C1FA00CF5974 /* AppDelegate.swift */; };
		F6723BC12622C1FA00CF5974 /* SceneDelegate.swift in Sources */ = {isa = PBXBuildFile; fileRef = F6723BC02622C1FA00CF5974 /* SceneDelegate.swift */; };
		F6723BC32622C1FA00CF5974 /* ViewController.swift in Sources */ = {isa = PBXBuildFile; fileRef = F6723BC22622C1FA00CF5974 /* ViewController.swift */; };
		F6723BC62622C1FA00CF5974 /* Main.storyboard in Resources */ = {isa = PBXBuildFile; fileRef = F6723BC42622C1FA00CF5974 /* Main.storyboard */; };
		F6723BC82622C20300CF5974 /* Assets.xcassets in Resources */ = {isa = PBXBuildFile; fileRef = F6723BC72622C20300CF5974 /* Assets.xcassets */; };
		F6723BCB2622C20300CF5974 /* LaunchScreen.storyboard in Resources */ = {isa = PBXBuildFile; fileRef = F6723BC92622C20300CF5974 /* LaunchScreen.storyboard */; };
		F6723BD62622C20300CF5974 /* DropViewerTests.swift in Sources */ = {isa = PBXBuildFile; fileRef = F6723BD52622C20300CF5974 /* DropViewerTests.swift */; };
		F6723BE12622C20300CF5974 /* DropViewerUITests.swift in Sources */ = {isa = PBXBuildFile; fileRef = F6723BE02622C20300CF5974 /* DropViewerUITests.swift */; };
/* End PBXBuildFile section */

/* Begin PBXContainerItemProxy section */
		F6723BD22622C20300CF5974 /* PBXContainerItemProxy */ = {
			isa = PBXContainerItemProxy;
			containerPortal = F6723BB32622C1FA00CF5974 /* Project object */;
			proxyType = 1;
			remoteGlobalIDString = F6723BBA2622C1FA00CF5974;
			remoteInfo = DropViewer;
		};
		F6723BDD2622C20300CF5974 /* PBXContainerItemProxy */ = {
			isa = PBXContainerItemProxy;
			containerPortal = F6723BB32622C1FA00CF5974 /* Project object */;
			proxyType = 1;
			remoteGlobalIDString = F6723BBA2622C1FA00CF5974;
			remoteInfo = DropViewer;
		};
/* End PBXContainerItemProxy section */

/* Begin PBXFileReference section */
		F6723BBB2622C1FA00CF5974 /* DropViewer.app */ = {isa = PBXFileReference; explicitFileType = wrapper.application; includeInIndex = 0; path = DropViewer.app; sourceTree = BUILT_PRODUCTS_DIR; };
		F6723BBE2622C1FA00CF5974 /* AppDelegate.swift */ = {isa = PBXFileReference; lastKnownFileType = sourcecode.swift; path = AppDelegate.swift; sourceTree = "<group>"; };
		F6723BC02622C1FA00CF5974 /* SceneDelegate.swift */ = {isa = PBXFileReference; lastKnownFileType = sourcecode.swift; path = SceneDelegate.swift; sourceTree = "<group>"; };
		F6723BC22622C1FA00CF5974 /* ViewController.swift */ = {isa = PBXFileReference; lastKnownFileType = sourcecode.swift; path = ViewController.swift; sourceTree = "<group>"; };
		F6723BC52622C1FA00CF5974 /* Base */ = {isa = PBXFileReference; lastKnownFileType = file.storyboard; name = Base; path = Base.lproj/Main.storyboard; sourceTree = "<group>"; };
		F6723BC72622C20300CF5974 /* Assets.xcassets */ = {isa = PBXFileReference; lastKnownFileType = folder.assetcatalog; path = Assets.xcassets; sourceTree = "<group>"; };
		F6723BCA2622C20300CF5974 /* Base */ = {isa = PBXFileReference; lastKnownFileType = file.storyboard; name = Base; path = Base.lproj/LaunchScreen.storyboard; sourceTree = "<group>"; };
		F6723BCC2622C20300CF5974 /* Info.plist */ = {isa = PBXFileReference; lastKnownFileType = text.plist.xml; path = Info.plist; sourceTree = "<group>"; };
		F6723BD12622C20300CF5974 /* DropViewerTests.xctest */ = {isa = PBXFileReference; explicitFileType = wrapper.cfbundle; includeInIndex = 0; path = DropViewerTests.xctest; sourceTree = BUILT_PRODUCTS_DIR; };
		F6723BD52622C20300CF5974 /* DropViewerTests.swift */ = {isa = PBXFileReference; lastKnownFileType = sourcecode.swift; path = DropViewerTests.swift; sourceTree = "<group>"; };
		F6723BD72622C20300CF5974 /* Info.plist */ = {isa = PBXFileReference; lastKnownFileType = text.plist.xml; path = Info.plist; sourceTree = "<group>"; };
		F6723BDC2622C20300CF5974 /* DropViewerUITests.xctest */ = {isa = PBXFileReference; explicitFileType = wrapper.cfbundle; includeInIndex = 0; path = DropViewerUITests.xctest; sourceTree = BUILT_PRODUCTS_DIR; };
		F6723BE02622C20300CF5974 /* DropViewerUITests.swift */ = {isa = PBXFileReference; lastKnownFileType = sourcecode.swift; path = DropViewerUITests.swift; sourceTree = "<group>"; };
		F6723BE22622C20300CF5974 /* Info.plist */ = {isa = PBXFileReference; lastKnownFileType = text.plist.xml; path = Info.plist; sourceTree = "<group>"; };
/* End PBXFileReference section */

/* Begin PBXFrameworksBuildPhase section */
		F6723BB82622C1FA00CF5974 /* Frameworks */ = {
			isa = PBXFrameworksBuildPhase;
			buildActionMask = 2147483647;
			files = (
			);
			runOnlyForDeploymentPostprocessing = 0;
		};
		F6723BCE2622C20300CF5974 /* Frameworks */ = {
			isa = PBXFrameworksBuildPhase;
			buildActionMask = 2147483647;
			files = (
			);
			runOnlyForDeploymentPostprocessing = 0;
		};
		F6723BD92622C20300CF5974 /* Frameworks */ = {
			isa = PBXFrameworksBuildPhase;
			buildActionMask = 2147483647;
			files = (
			);
			runOnlyForDeploymentPostprocessing = 0;
		};
/* End PBXFrameworksBuildPhase section */

/* Begin PBXGroup section */
		F6723BB22622C1FA00CF5974 = {
			isa = PBXGroup;
			children = (
				F6723BBD2622C1FA00CF5974 /* DropViewer */,
				F6723BD42622C20300CF5974 /* DropViewerTests */,
				F6723BDF2622C20300CF5974 /* DropViewerUITests */,
				F6723BBC2622C1FA00CF5974 /* Products */,
			);
			sourceTree = "<group>";
		};
		F6723BBC2622C1FA00CF5974 /* Products */ = {
			isa = PBXGroup;
			children = (
				F6723BBB2622C1FA00CF5974 /* DropViewer.app */,
				F6723BD12622C20300CF5974 /* DropViewerTests.xctest */,
				F6723BDC2622C20300CF5974 /* DropViewerUITests.xctest */,
			);
			name = Products;
			sourceTree = "<group>";
		};
		F6723BBD2622C1FA00CF5974 /* DropViewer */ = {
			isa = PBXGroup;
			children = (
				F6723BBE2622C1FA00CF5974 /* AppDelegate.swift */,
				F6723BC02622C1FA00CF5974 /* SceneDelegate.swift */,
				F6723BC22622C1FA00CF5974 /* ViewController.swift */,
				F6723BC42622C1FA00CF5974 /* Main.storyboard */,
				F6723BC72622C20300CF5974 /* Assets.xcassets */,
				F6723BC92622C20300CF5974 /* LaunchScreen.storyboard */,
				F6723BCC2622C20300CF5974 /* Info.plist */,
			);
			path = DropViewer;
			sourceTree = "<group>";
		};
		F6723BD42622C20300CF5974 /* DropViewerTests */ = {
			isa = PBXGroup;
			children = (
				F6723BD52622C20300CF5974 /* DropViewerTests.swift */,
				F6723BD72622C20300CF5974 /* Info.plist */,
			);
			path = DropViewerTests;
			sourceTree = "<group>";
		};
		F6723BDF2622C20300CF5974 /* DropViewerUITests */ = {
			isa = PBXGroup;
			children = (
				F6723BE02622C20300CF5974 /* DropViewerUITests.swift */,
				F6723BE22622C20300CF5974 /* Info.plist */,
			);
			path = DropViewerUITests;
			sourceTree = "<group>";
		};
/* End PBXGroup section */

/* Begin PBXNativeTarget section */
		F6723BBA2622C1FA00CF5974 /* DropViewer */ = {
			isa = PBXNativeTarget;
			buildConfigurationList = F6723BE52622C20300CF5974 /* Build configuration list for PBXNativeTarget "DropViewer" */;
			buildPhases = (
				F6723BB72622C1FA00CF5974 /* Sources */,
				F6723BB82622C1FA00CF5974 /* Frameworks */,
				F6723BB92622C1FA00CF5974 /* Resources */,
			);
			buildRules = (
			);
			dependencies = (
			);
			name = DropViewer;
			productName = DropViewer;
			productReference = F6723BBB2622C1FA00CF5974 /* DropViewer.app */;
			productType = "com.apple.product-type.application";
		};
		F6723BD02622C20300CF5974 /* DropViewerTests */ = {
			isa = PBXNativeTarget;
			buildConfigurationList = F6723BE82622C20300CF5974 /* Build configuration list for PBXNativeTarget "DropViewerTests" */;
			buildPhases = (
				F6723BCD2622C20300CF5974 /* Sources */,
				F6723BCE2622C20300CF5974 /* Frameworks */,
				F6723BCF2622C20300CF5974 /* Resources */,
			);
			buildRules = (
			);
			dependencies = (
				F6723BD32622C20300CF5974 /* PBXTargetDependency */,
			);
			name = DropViewerTests;
			productName = DropViewerTests;
			productReference = F6723BD12622C20300CF5974 /* DropViewerTests.xctest */;
			productType = "com.apple.product-type.bundle.unit-test";
		};
		F6723BDB2622C20300CF5974 /* DropViewerUITests */ = {
			isa = PBXNativeTarget;
			buildConfigurationList = F6723BEB2622C20300CF5974 /* Build configuration list for PBXNativeTarget "DropViewerUITests" */;
			buildPhases = (
				F6723BD82622C20300CF5974 /* Sources */,
				F6723BD92622C20300CF5974 /* Frameworks */,
				F6723BDA2622C20300CF5974 /* Resources */,
			);
			buildRules = (
			);
			dependencies = (
				F6723BDE2622C20300CF5974 /* PBXTargetDependency */,
			);
			name = DropViewerUITests;
			productName = DropViewerUITests;
			productReference = F6723BDC2622C20300CF5974 /* DropViewerUITests.xctest */;
			productType = "com.apple.product-type.bundle.ui-testing";
		};
/* End PBXNativeTarget section */

/* Begin PBXProject section */
		F6723BB32622C1FA00CF5974 /* Project object */ = {
			isa = PBXProject;
			attributes = {
				LastSwiftUpdateCheck = 1220;
				LastUpgradeCheck = 1220;
				TargetAttributes = {
					F6723BBA2622C1FA00CF5974 = {
						CreatedOnToolsVersion = 12.2;
					};
					F6723BD02622C20300CF5974 = {
						CreatedOnToolsVersion = 12.2;
						TestTargetID = F6723BBA2622C1FA00CF5974;
					};
					F6723BDB2622C20300CF5974 = {
						CreatedOnToolsVersion = 12.2;
						TestTargetID = F6723BBA2622C1FA00CF5974;
					};
				};
			};
			buildConfigurationList = F6723BB62622C1FA00CF5974 /* Build configuration list for PBXProject "DropViewer" */;
			compatibilityVersion = "Xcode 9.3";
			developmentRegion = en;
			hasScannedForEncodings = 0;
			knownRegions = (
				en,
				Base,
			);
			mainGroup = F6723BB22622C1FA00CF5974;
			productRefGroup = F6723BBC2622C1FA00CF5974 /* Products */;
			projectDirPath = "";
			projectRoot = "";
			targets = (
				F6723BBA2622C1FA00CF5974 /* DropViewer */,
				F6723BD02622C20300CF5974 /* DropViewerTests */,
				F6723BDB2622C20300CF5974 /* DropViewerUITests */,
			);
		};
/* End PBXProject section */

/* Begin PBXResourcesBuildPhase section */
		F6723BB92622C1FA00CF5974 /* Resources */ = {
			isa = PBXResourcesBuildPhase;
			buildActionMask = 2147483647;
			files = (
				F6723BCB2622C20300CF5974 /* LaunchScreen.storyboard in Resources */,
				F6723BC82622C20300CF5974 /* Assets.xcassets in Resources */,
				F6723BC62622C1FA00CF5974 /* Main.storyboard in Resources */,
			);
			runOnlyForDeploymentPostprocessing = 0;
		};
		F6723BCF2622C20300CF5974 /* Resources */ = {
			isa = PBXResourcesBuildPhase;
			buildActionMask = 2147483647;
			files = (
			);
			runOnlyForDeploymentPostprocessing = 0;
		};
		F6723BDA2622C20300CF5974 /* Resources */ = {
			isa = PBXResourcesBuildPhase;
			buildActionMask = 2147483647;
			files = (
			);
			runOnlyForDeploymentPostprocessing = 0;
		};
/* End PBXResourcesBuildPhase section */

/* Begin PBXSourcesBuildPhase section */
		F6723BB72622C1FA00CF5974 /* Sources */ = {
			isa = PBXSourcesBuildPhase;
			buildActionMask = 2147483647;
			files = (
				F6723BC32622C1FA00CF5974 /* ViewController.swift in Sources */,
				F6723BBF2622C1FA00CF5974 /* AppDelegate.swift in Sources */,
				F6723BC12622C1FA00CF5974 /* SceneDelegate.swift in Sources */,
			);
			runOnlyForDeploymentPostprocessing = 0;
		};
		F6723BCD2622C20300CF5974 /* Sources */ = {
			isa = PBXSourcesBuildPhase;
			buildActionMask = 2147483647;
			files = (
				F6723BD62622C20300CF5974 /* DropViewerTests.swift in Sources */,
			);
			runOnlyForDeploymentPostprocessing = 0;
		};
		F6723BD82622C20300CF5974 /* Sources */ = {
			isa = PBXSourcesBuildPhase;
			buildActionMask = 2147483647;
			files = (
				F6723BE12622C20300CF5974 /* DropViewerUITests.swift in Sources */,
			);
			runOnlyForDeploymentPostprocessing = 0;
		};
/* End PBXSourcesBuildPhase section */

/* Begin PBXTargetDependency section */
		F6723BD32622C20300CF5974 /* PBXTargetDependency */ = {
			isa = PBXTargetDependency;
			target = F6723BBA2622C1FA00CF5974 /* DropViewer */;
			targetProxy = F6723BD22622C20300CF5974 /* PBXContainerItemProxy */;
		};
		F6723BDE2622C20300CF5974 /* PBXTargetDependency */ = {
			isa = PBXTargetDependency;
			target = F6723BBA2622C1FA00CF5974 /* DropViewer */;
			targetProxy = F6723BDD2622C20300CF5974 /* PBXContainerItemProxy */;
		};
/* End PBXTargetDependency section */

/* Begin PBXVariantGroup section */
		F6723BC42622C1FA00CF5974 /* Main.storyboard */ = {
			isa = PBXVariantGroup;
			children = (
				F6723BC52622C1FA00CF5974 /* Base */,
			);
			name = Main.storyboard;
			sourceTree = "<group>";
		};
		F6723BC92622C20300CF5974 /* LaunchScreen.storyboard */ = {
			isa = PBXVariantGroup;
			children = (
				F6723BCA2622C20300CF5974 /* Base */,
			);
			name = LaunchScreen.storyboard;
			sourceTree = "<group>";
		};
/* End PBXVariantGroup section */

/* Begin XCBuildConfiguration section */
		F6723BE32622C20300CF5974 /* Debug */ = {
			isa = XCBuildConfiguration;
			buildSettings = {
				ALWAYS_SEARCH_USER_PATHS = NO;
				CLANG_ANALYZER_NONNULL = YES;
				CLANG_ANALYZER_NUMBER_OBJECT_CONVERSION = YES_AGGRESSIVE;
				CLANG_CXX_LANGUAGE_STANDARD = "gnu++14";
				CLANG_CXX_LIBRARY = "libc++";
				CLANG_ENABLE_MODULES = YES;
				CLANG_ENABLE_OBJC_ARC = YES;
				CLANG_ENABLE_OBJC_WEAK = YES;
				CLANG_WARN_BLOCK_CAPTURE_AUTORELEASING = YES;
				CLANG_WARN_BOOL_CONVERSION = YES;
				CLANG_WARN_COMMA = YES;
				CLANG_WARN_CONSTANT_CONVERSION = YES;
				CLANG_WARN_DEPRECATED_OBJC_IMPLEMENTATIONS = YES;
				CLANG_WARN_DIRECT_OBJC_ISA_USAGE = YES_ERROR;
				CLANG_WARN_DOCUMENTATION_COMMENTS = YES;
				CLANG_WARN_EMPTY_BODY = YES;
				CLANG_WARN_ENUM_CONVERSION = YES;
				CLANG_WARN_INFINITE_RECURSION = YES;
				CLANG_WARN_INT_CONVERSION = YES;
				CLANG_WARN_NON_LITERAL_NULL_CONVERSION = YES;
				CLANG_WARN_OBJC_IMPLICIT_RETAIN_SELF = YES;
				CLANG_WARN_OBJC_LITERAL_CONVERSION = YES;
				CLANG_WARN_OBJC_ROOT_CLASS = YES_ERROR;
				CLANG_WARN_QUOTED_INCLUDE_IN_FRAMEWORK_HEADER = YES;
				CLANG_WARN_RANGE_LOOP_ANALYSIS = YES;
				CLANG_WARN_STRICT_PROTOTYPES = YES;
				CLANG_WARN_SUSPICIOUS_MOVE = YES;
				CLANG_WARN_UNGUARDED_AVAILABILITY = YES_AGGRESSIVE;
				CLANG_WARN_UNREACHABLE_CODE = YES;
				CLANG_WARN__DUPLICATE_METHOD_MATCH = YES;
				COPY_PHASE_STRIP = NO;
				DEBUG_INFORMATION_FORMAT = dwarf;
				ENABLE_STRICT_OBJC_MSGSEND = YES;
				ENABLE_TESTABILITY = YES;
				GCC_C_LANGUAGE_STANDARD = gnu11;
				GCC_DYNAMIC_NO_PIC = NO;
				GCC_NO_COMMON_BLOCKS = YES;
				GCC_OPTIMIZATION_LEVEL = 0;
				GCC_PREPROCESSOR_DEFINITIONS = (
					"DEBUG=1",
					"$(inherited)",
				);
				GCC_WARN_64_TO_32_BIT_CONVERSION = YES;
				GCC_WARN_ABOUT_RETURN_TYPE = YES_ERROR;
				GCC_WARN_UNDECLARED_SELECTOR = YES;
				GCC_WARN_UNINITIALIZED_AUTOS = YES_AGGRESSIVE;
				GCC_WARN_UNUSED_FUNCTION = YES;
				GCC_WARN_UNUSED_VARIABLE = YES;
				IPHONEOS_DEPLOYMENT_TARGET = 12.0;
				MTL_ENABLE_DEBUG_INFO = INCLUDE_SOURCE;
				MTL_FAST_MATH = YES;
				ONLY_ACTIVE_ARCH = YES;
				SDKROOT = iphoneos;
				SWIFT_ACTIVE_COMPILATION_CONDITIONS = DEBUG;
				SWIFT_OPTIMIZATION_LEVEL = "-Onone";
			};
			name = Debug;
		};
		F6723BE42622C20300CF5974 /* Release */ = {
			isa = XCBuildConfiguration;
			buildSettings = {
				ALWAYS_SEARCH_USER_PATHS = NO;
				CLANG_ANALYZER_NONNULL = YES;
				CLANG_ANALYZER_NUMBER_OBJECT_CONVERSION = YES_AGGRESSIVE;
				CLANG_CXX_LANGUAGE_STANDARD = "gnu++14";
				CLANG_CXX_LIBRARY = "libc++";
				CLANG_ENABLE_MODULES = YES;
				CLANG_ENABLE_OBJC_ARC = YES;
				CLANG_ENABLE_OBJC_WEAK = YES;
				CLANG_WARN_BLOCK_CAPTURE_AUTORELEASING = YES;
				CLANG_WARN_BOOL_CONVERSION = YES;
				CLANG_WARN_COMMA = YES;
				CLANG_WARN_CONSTANT_CONVERSION = YES;
				CLANG_WARN_DEPRECATED_OBJC_IMPLEMENTATIONS = YES;
				CLANG_WARN_DIRECT_OBJC_ISA_USAGE = YES_ERROR;
				CLANG_WARN_DOCUMENTATION_COMMENTS = YES;
				CLANG_WARN_EMPTY_BODY = YES;
				CLANG_WARN_ENUM_CONVERSION = YES;
				CLANG_WARN_INFINITE_RECURSION = YES;
				CLANG_WARN_INT_CONVERSION = YES;
				CLANG_WARN_NON_LITERAL_NULL_CONVERSION = YES;
				CLANG_WARN_OBJC_IMPLICIT_RETAIN_SELF = YES;
				CLANG_WARN_OBJC_LITERAL_CONVERSION = YES;
				CLANG_WARN_OBJC_ROOT_CLASS = YES_ERROR;
				CLANG_WARN_QUOTED_INCLUDE_IN_FRAMEWORK_HEADER = YES;
				CLANG_WARN_RANGE_LOOP_ANALYSIS = YES;
				CLANG_WARN_STRICT_PROTOTYPES = YES;
				CLANG_WARN_SUSPICIOUS_MOVE = YES;
				CLANG_WARN_UNGUARDED_AVAILABILITY = YES_AGGRESSIVE;
				CLANG_WARN_UNREACHABLE_CODE = YES;
				CLANG_WARN__DUPLICATE_METHOD_MATCH = YES;
				COPY_PHASE_STRIP = NO;
				DEBUG_INFORMATION_FORMAT = "dwarf-with-dsym";
				ENABLE_NS_ASSERTIONS = NO;
				ENABLE_STRICT_OBJC_MSGSEND = YES;
				GCC_C_LANGUAGE_STANDARD = gnu11;
				GCC_NO_COMMON_BLOCKS = YES;
				GCC_WARN_64_TO_32_BIT_CONVERSION = YES;
				GCC_WARN_ABOUT_RETURN_TYPE = YES_ERROR;
				GCC_WARN_UNDECLARED_SELECTOR = YES;
				GCC_WARN_UNINITIALIZED_AUTOS = YES_AGGRESSIVE;
				GCC_WARN_UNUSED_FUNCTION = YES;
				GCC_WARN_UNUSED_VARIABLE = YES;
				IPHONEOS_DEPLOYMENT_TARGET = 12.0;
				MTL_ENABLE_DEBUG_INFO = NO;
				MTL_FAST_MATH = YES;
				SDKROOT = iphoneos;
				SWIFT_COMPILATION_MODE = wholemodule;
				SWIFT_OPTIMIZATION_LEVEL = "-O";
				VALIDATE_PRODUCT = YES;
			};
			name = Release;
		};
		F6723BE62622C20300CF5974 /* Debug */ = {
			isa = XCBuildConfiguration;
			buildSettings = {
				ASSETCATALOG_COMPILER_APPICON_NAME = AppIcon;
				ASSETCATALOG_COMPILER_GLOBAL_ACCENT_COLOR_NAME = AccentColor;
				CODE_SIGN_STYLE = Automatic;
				DEVELOPMENT_TEAM = RPJ9327GU2;
				INFOPLIST_FILE = DropViewer/Info.plist;
				LD_RUNPATH_SEARCH_PATHS = (
					"$(inherited)",
					"@executable_path/Frameworks",
				);
				PRODUCT_BUNDLE_IDENTIFIER = com.digital.DropViewer;
				PRODUCT_NAME = "$(TARGET_NAME)";
				SWIFT_VERSION = 5.0;
				TARGETED_DEVICE_FAMILY = "1,2";
			};
			name = Debug;
		};
		F6723BE72622C20300CF5974 /* Release */ = {
			isa = XCBuildConfiguration;
			buildSettings = {
				ASSETCATALOG_COMPILER_APPICON_NAME = AppIcon;
				ASSETCATALOG_COMPILER_GLOBAL_ACCENT_COLOR_NAME = AccentColor;
				CODE_SIGN_STYLE = Automatic;
				DEVELOPMENT_TEAM = RPJ9327GU2;
				INFOPLIST_FILE = DropViewer/Info.plist;
				LD_RUNPATH_SEARCH_PATHS = (
					"$(inherited)",
					"@executable_path/Frameworks",
				);
				PRODUCT_BUNDLE_IDENTIFIER = com.digital.DropViewer;
				PRODUCT_NAME = "$(TARGET_NAME)";
				SWIFT_VERSION = 5.0;
				TARGETED_DEVICE_FAMILY = "1,2";
			};
			name = Release;
		};
		F6723BE92622C20300CF5974 /* Debug */ = {
			isa = XCBuildConfiguration;
			buildSettings = {
				ALWAYS_EMBED_SWIFT_STANDARD_LIBRARIES = YES;
				BUNDLE_LOADER = "$(TEST_HOST)";
				CODE_SIGN_STYLE = Automatic;
				DEVELOPMENT_TEAM = RPJ9327GU2;
				INFOPLIST_FILE = DropViewerTests/Info.plist;
				IPHONEOS_DEPLOYMENT_TARGET = 14.2;
				LD_RUNPATH_SEARCH_PATHS = (
					"$(inherited)",
					"@executable_path/Frameworks",
					"@loader_path/Frameworks",
				);
				PRODUCT_BUNDLE_IDENTIFIER = com.digital.DropViewerTests;
				PRODUCT_NAME = "$(TARGET_NAME)";
				SWIFT_VERSION = 5.0;
				TARGETED_DEVICE_FAMILY = "1,2";
				TEST_HOST = "$(BUILT_PRODUCTS_DIR)/DropViewer.app/DropViewer";
			};
			name = Debug;
		};
		F6723BEA2622C20300CF5974 /* Release */ = {
			isa = XCBuildConfiguration;
			buildSettings = {
				ALWAYS_EMBED_SWIFT_STANDARD_LIBRARIES = YES;
				BUNDLE_LOADER = "$(TEST_HOST)";
				CODE_SIGN_STYLE = Automatic;
				DEVELOPMENT_TEAM = RPJ9327GU2;
				INFOPLIST_FILE = DropViewerTests/Info.plist;
				IPHONEOS_DEPLOYMENT_TARGET = 14.2;
				LD_RUNPATH_SEARCH_PATHS = (
					"$(inherited)",
					"@executable_path/Frameworks",
					"@loader_path/Frameworks",
				);
				PRODUCT_BUNDLE_IDENTIFIER = com.digital.DropViewerTests;
				PRODUCT_NAME = "$(TARGET_NAME)";
				SWIFT_VERSION = 5.0;
				TARGETED_DEVICE_FAMILY = "1,2";
				TEST_HOST = "$(BUILT_PRODUCTS_DIR)/DropViewer.app/DropViewer";
			};
			name = Release;
		};
		F6723BEC2622C20300CF5974 /* Debug */ = {
			isa = XCBuildConfiguration;
			buildSettings = {
				ALWAYS_EMBED_SWIFT_STANDARD_LIBRARIES = YES;
				CODE_SIGN_STYLE = Automatic;
				DEVELOPMENT_TEAM = RPJ9327GU2;
				INFOPLIST_FILE = DropViewerUITests/Info.plist;
				LD_RUNPATH_SEARCH_PATHS = (
					"$(inherited)",
					"@executable_path/Frameworks",
					"@loader_path/Frameworks",
				);
				PRODUCT_BUNDLE_IDENTIFIER = com.digital.DropViewerUITests;
				PRODUCT_NAME = "$(TARGET_NAME)";
				SWIFT_VERSION = 5.0;
				TARGETED_DEVICE_FAMILY = "1,2";
				TEST_TARGET_NAME = DropViewer;
			};
			name = Debug;
		};
		F6723BED2622C20300CF5974 /* Release */ = {
			isa = XCBuildConfiguration;
			buildSettings = {
				ALWAYS_EMBED_SWIFT_STANDARD_LIBRARIES = YES;
				CODE_SIGN_STYLE = Automatic;
				DEVELOPMENT_TEAM = RPJ9327GU2;
				INFOPLIST_FILE = DropViewerUITests/Info.plist;
				LD_RUNPATH_SEARCH_PATHS = (
					"$(inherited)",
					"@executable_path/Frameworks",
					"@loader_path/Frameworks",
				);
				PRODUCT_BUNDLE_IDENTIFIER = com.digital.DropViewerUITests;
				PRODUCT_NAME = "$(TARGET_NAME)";
				SWIFT_VERSION = 5.0;
				TARGETED_DEVICE_FAMILY = "1,2";
				TEST_TARGET_NAME = DropViewer;
			};
			name = Release;
		};
/* End XCBuildConfiguration section */

/* Begin XCConfigurationList section */
		F6723BB62622C1FA00CF5974 /* Build configuration list for PBXProject "DropViewer" */ = {
			isa = XCConfigurationList;
			buildConfigurations = (
				F6723BE32622C20300CF5974 /* Debug */,
				F6723BE42622C20300CF5974 /* Release */,
			);
			defaultConfigurationIsVisible = 0;
			defaultConfigurationName = Release;
		};
		F6723BE52622C20300CF5974 /* Build configuration list for PBXNativeTarget "DropViewer" */ = {
			isa = XCConfigurationList;
			buildConfigurations = (
				F6723BE62622C20300CF5974 /* Debug */,
				F6723BE72622C20300CF5974 /* Release */,
			);
			defaultConfigurationIsVisible = 0;
			defaultConfigurationName = Release;
		};
		F6723BE82622C20300CF5974 /* Build configuration list for PBXNativeTarget "DropViewerTests" */ = {
			isa = XCConfigurationList;
			buildConfigurations = (
				F6723BE92622C20300CF5974 /* Debug */,
				F6723BEA2622C20300CF5974 /* Release */,
			);
			defaultConfigurationIsVisible = 0;
			defaultConfigurationName = Release;
		};
		F6723BEB2622C20300CF5974 /* Build configuration list for PBXNativeTarget "DropViewerUITests" */ = {
			isa = XCConfigurationList;
			buildConfigurations = (
				F6723BEC2622C20300CF5974 /* Debug */,
				F6723BED2622C20300CF5974 /* Release */,
			);
			defaultConfigurationIsVisible = 0;
			defaultConfigurationName = Release;
		};
/* End XCConfigurationList section */
	};
	rootObject = F6723BB32622C1FA00CF5974 /* Project object */;
}
